
Microsoft Visual Studio Solution File, Format Version 12.00
# Visual Studio 2017
Project("{FAE04EC0-301F-11D3-BF4B-00C04F79EFBC}") = "Forest_Simulation", "Forest_Simulation.csproj", "{A3C0C750-EE0A-3A7E-4BA5-3455C3E1DAAD}"
EndProject
Project("{FAE04EC0-301F-11D3-BF4B-00C04F79EFBC}") = "Forest_Simulation.Editor", "Forest_Simulation.Editor.csproj", "{DD72DDEB-8652-CAF6-60B7-1576F2E0155D}"
EndProject
Global
	GlobalSection(SolutionConfigurationPlatforms) = preSolution
		Debug|Any CPU = Debug|Any CPU
		Release|Any CPU = Release|Any CPU
	EndGlobalSection
	GlobalSection(ProjectConfigurationPlatforms) = postSolution
		{A3C0C750-EE0A-3A7E-4BA5-3455C3E1DAAD}.Debug|Any CPU.ActiveCfg = Debug|Any CPU
		{A3C0C750-EE0A-3A7E-4BA5-3455C3E1DAAD}.Debug|Any CPU.Build.0 = Debug|Any CPU
		{A3C0C750-EE0A-3A7E-4BA5-3455C3E1DAAD}.Release|Any CPU.ActiveCfg = Release|Any CPU
		{A3C0C750-EE0A-3A7E-4BA5-3455C3E1DAAD}.Release|Any CPU.Build.0 = Release|Any CPU
		{DD72DDEB-8652-CAF6-60B7-1576F2E0155D}.Debug|Any CPU.ActiveCfg = Debug|Any CPU
		{DD72DDEB-8652-CAF6-60B7-1576F2E0155D}.Debug|Any CPU.Build.0 = Debug|Any CPU
		{DD72DDEB-8652-CAF6-60B7-1576F2E0155D}.Release|Any CPU.ActiveCfg = Release|Any CPU
		{DD72DDEB-8652-CAF6-60B7-1576F2E0155D}.Release|Any CPU.Build.0 = Release|Any CPU
	EndGlobalSection
	GlobalSection(SolutionProperties) = preSolution
		HideSolutionNode = FALSE
	EndGlobalSection
EndGlobal
