
Microsoft Visual Studio Solution File, Format Version 12.00
# Visual Studio 15
Project("{FAE04EC0-301F-11D3-BF4B-00C04F79EFBC}") = "FOREST GROWTH SIMULATION MODEL", "FOREST GROWTH SIMULATION MODEL.csproj", "{606A9308-AD63-3476-2824-1614B8086B24}"
EndProject
Global
	GlobalSection(SolutionConfigurationPlatforms) = preSolution
		Debug|Any CPU = Debug|Any CPU
		Release|Any CPU = Release|Any CPU
	EndGlobalSection
	GlobalSection(ProjectConfigurationPlatforms) = postSolution
		{606A9308-AD63-3476-2824-1614B8086B24}.Debug|Any CPU.ActiveCfg = Debug|Any CPU
		{606A9308-AD63-3476-2824-1614B8086B24}.Debug|Any CPU.Build.0 = Debug|Any CPU
		{606A9308-AD63-3476-2824-1614B8086B24}.Release|Any CPU.ActiveCfg = Release|Any CPU
		{606A9308-AD63-3476-2824-1614B8086B24}.Release|Any CPU.Build.0 = Release|Any CPU
	EndGlobalSection
	GlobalSection(SolutionProperties) = preSolution
		HideSolutionNode = FALSE
	EndGlobalSection
EndGlobal
