
Microsoft Visual Studio Solution File, Format Version 12.00
# Visual Studio 15
VisualStudioVersion = 15.0.27703.2000
MinimumVisualStudioVersion = 10.0.40219.1
Project("{FAE04EC0-301F-11D3-BF4B-00C04F79EFBC}") = "Shade Tolerance", "Shade Tolerance\Shade Tolerance.csproj", "{259306B7-826B-44EE-8C87-2CB0CCE20ACD}"
EndProject
Global
	GlobalSection(SolutionConfigurationPlatforms) = preSolution
		Debug|Any CPU = Debug|Any CPU
		Release|Any CPU = Release|Any CPU
	EndGlobalSection
	GlobalSection(ProjectConfigurationPlatforms) = postSolution
		{259306B7-826B-44EE-8C87-2CB0CCE20ACD}.Debug|Any CPU.ActiveCfg = Debug|Any CPU
		{259306B7-826B-44EE-8C87-2CB0CCE20ACD}.Debug|Any CPU.Build.0 = Debug|Any CPU
		{259306B7-826B-44EE-8C87-2CB0CCE20ACD}.Release|Any CPU.ActiveCfg = Release|Any CPU
		{259306B7-826B-44EE-8C87-2CB0CCE20ACD}.Release|Any CPU.Build.0 = Release|Any CPU
	EndGlobalSection
	GlobalSection(SolutionProperties) = preSolution
		HideSolutionNode = FALSE
	EndGlobalSection
	GlobalSection(ExtensibilityGlobals) = postSolution
		SolutionGuid = {4DBF64B1-5063-43D3-B7F1-D13F85494637}
	EndGlobalSection
EndGlobal
