
Microsoft Visual Studio Solution File, Format Version 12.00
# Visual Studio 15
VisualStudioVersion = 15.0.27703.2000
MinimumVisualStudioVersion = 10.0.40219.1
Project("{FAE04EC0-301F-11D3-BF4B-00C04F79EFBC}") = "csv_read_write", "csv_read_write\csv_read_write.csproj", "{EAC70F81-88FD-4D84-B5F7-C0E9C251DB56}"
EndProject
Global
	GlobalSection(SolutionConfigurationPlatforms) = preSolution
		Debug|Any CPU = Debug|Any CPU
		Release|Any CPU = Release|Any CPU
	EndGlobalSection
	GlobalSection(ProjectConfigurationPlatforms) = postSolution
		{EAC70F81-88FD-4D84-B5F7-C0E9C251DB56}.Debug|Any CPU.ActiveCfg = Debug|Any CPU
		{EAC70F81-88FD-4D84-B5F7-C0E9C251DB56}.Debug|Any CPU.Build.0 = Debug|Any CPU
		{EAC70F81-88FD-4D84-B5F7-C0E9C251DB56}.Release|Any CPU.ActiveCfg = Release|Any CPU
		{EAC70F81-88FD-4D84-B5F7-C0E9C251DB56}.Release|Any CPU.Build.0 = Release|Any CPU
	EndGlobalSection
	GlobalSection(SolutionProperties) = preSolution
		HideSolutionNode = FALSE
	EndGlobalSection
	GlobalSection(ExtensibilityGlobals) = postSolution
		SolutionGuid = {B6DF2BC8-470F-466D-ADC3-AC0E6B8BEB40}
	EndGlobalSection
EndGlobal
